// !$*UTF8*$!
{
	archiveVersion = 1;
	classes = {
	};
	objectVersion = 56;
	objects = {

/* Begin PBXBuildFile section */
		FBCEB41E2D91B07400D8A7DA /* RedesSocialesApp.swift in Sources */ = {isa = PBXBuildFile; fileRef = FBCEB41D2D91B07400D8A7DA /* RedesSocialesApp.swift */; };
		FBCEB4202D91B07400D8A7DA /* ContentView.swift in Sources */ = {isa = PBXBuildFile; fileRef = FBCEB41F2D91B07400D8A7DA /* ContentView.swift */; };
		FBCEB4222D91B07500D8A7DA /* Assets.xcassets in Resources */ = {isa = PBXBuildFile; fileRef = FBCEB4212D91B07500D8A7DA /* Assets.xcassets */; };
		FBCEB4252D91B07500D8A7DA /* Preview Assets.xcassets in Resources */ = {isa = PBXBuildFile; fileRef = FBCEB4242D91B07500D8A7DA /* Preview Assets.xcassets */; };
		FBCEB42F2D91B27400D8A7DA /* Publicacion.swift in Sources */ = {isa = PBXBuildFile; fileRef = FBCEB42E2D91B27400D8A7DA /* Publicacion.swift */; };
		FBCEB4312D91B4A300D8A7DA /* placeholder_api.swift in Sources */ = {isa = PBXBuildFile; fileRef = FBCEB4302D91B4A300D8A7DA /* placeholder_api.swift */; };
		FBCEB4332D91B4B100D8A7DA /* errores.swift in Sources */ = {isa = PBXBuildFile; fileRef = FBCEB4322D91B4B100D8A7DA /* errores.swift */; };
		FBCEB4352D91BC4900D8A7DA /* controdalor_publicaciones.swift in Sources */ = {isa = PBXBuildFile; fileRef = FBCEB4342D91BC4900D8A7DA /* controdalor_publicaciones.swift */; };
		FBCEB4392D91BE2100D8A7DA /* publicaciones_general.swift in Sources */ = {isa = PBXBuildFile; fileRef = FBCEB4382D91BE2100D8A7DA /* publicaciones_general.swift */; };
/* End PBXBuildFile section */

/* Begin PBXFileReference section */
		FBCEB41A2D91B07400D8A7DA /* RedesSociales.app */ = {isa = PBXFileReference; explicitFileType = wrapper.application; includeInIndex = 0; path = RedesSociales.app; sourceTree = BUILT_PRODUCTS_DIR; };
		FBCEB41D2D91B07400D8A7DA /* RedesSocialesApp.swift */ = {isa = PBXFileReference; lastKnownFileType = sourcecode.swift; path = RedesSocialesApp.swift; sourceTree = "<group>"; };
		FBCEB41F2D91B07400D8A7DA /* ContentView.swift */ = {isa = PBXFileReference; lastKnownFileType = sourcecode.swift; path = ContentView.swift; sourceTree = "<group>"; };
		FBCEB4212D91B07500D8A7DA /* Assets.xcassets */ = {isa = PBXFileReference; lastKnownFileType = folder.assetcatalog; path = Assets.xcassets; sourceTree = "<group>"; };
		FBCEB4242D91B07500D8A7DA /* Preview Assets.xcassets */ = {isa = PBXFileReference; lastKnownFileType = folder.assetcatalog; path = "Preview Assets.xcassets"; sourceTree = "<group>"; };
		FBCEB42E2D91B27400D8A7DA /* Publicacion.swift */ = {isa = PBXFileReference; lastKnownFileType = sourcecode.swift; path = Publicacion.swift; sourceTree = "<group>"; };
		FBCEB4302D91B4A300D8A7DA /* placeholder_api.swift */ = {isa = PBXFileReference; lastKnownFileType = sourcecode.swift; path = placeholder_api.swift; sourceTree = "<group>"; };
		FBCEB4322D91B4B100D8A7DA /* errores.swift */ = {isa = PBXFileReference; lastKnownFileType = sourcecode.swift; path = errores.swift; sourceTree = "<group>"; };
		FBCEB4342D91BC4900D8A7DA /* controdalor_publicaciones.swift */ = {isa = PBXFileReference; lastKnownFileType = sourcecode.swift; path = controdalor_publicaciones.swift; sourceTree = "<group>"; };
		FBCEB4382D91BE2100D8A7DA /* publicaciones_general.swift */ = {isa = PBXFileReference; lastKnownFileType = sourcecode.swift; path = publicaciones_general.swift; sourceTree = "<group>"; };
/* End PBXFileReference section */

/* Begin PBXFrameworksBuildPhase section */
		FBCEB4172D91B07400D8A7DA /* Frameworks */ = {
			isa = PBXFrameworksBuildPhase;
			buildActionMask = 2147483647;
			files = (
			);
			runOnlyForDeploymentPostprocessing = 0;
		};
/* End PBXFrameworksBuildPhase section */

/* Begin PBXGroup section */
		FBCEB4112D91B07400D8A7DA = {
			isa = PBXGroup;
			children = (
				FBCEB41C2D91B07400D8A7DA /* RedesSociales */,
				FBCEB41B2D91B07400D8A7DA /* Products */,
			);
			sourceTree = "<group>";
		};
		FBCEB41B2D91B07400D8A7DA /* Products */ = {
			isa = PBXGroup;
			children = (
				FBCEB41A2D91B07400D8A7DA /* RedesSociales.app */,
			);
			name = Products;
			sourceTree = "<group>";
		};
		FBCEB41C2D91B07400D8A7DA /* RedesSociales */ = {
			isa = PBXGroup;
			children = (
				FBCEB4362D91BDEC00D8A7DA /* ui */,
				FBCEB42D2D91B19C00D8A7DA /* servicios_API */,
				FBCEB42C2D91B18F00D8A7DA /* controladores */,
				FBCEB42B2D91B18200D8A7DA /* modelos */,
				FBCEB41D2D91B07400D8A7DA /* RedesSocialesApp.swift */,
				FBCEB41F2D91B07400D8A7DA /* ContentView.swift */,
				FBCEB4212D91B07500D8A7DA /* Assets.xcassets */,
				FBCEB4232D91B07500D8A7DA /* Preview Content */,
			);
			path = RedesSociales;
			sourceTree = "<group>";
		};
		FBCEB4232D91B07500D8A7DA /* Preview Content */ = {
			isa = PBXGroup;
			children = (
				FBCEB4242D91B07500D8A7DA /* Preview Assets.xcassets */,
			);
			path = "Preview Content";
			sourceTree = "<group>";
		};
		FBCEB42B2D91B18200D8A7DA /* modelos */ = {
			isa = PBXGroup;
			children = (
				FBCEB42E2D91B27400D8A7DA /* Publicacion.swift */,
			);
			path = modelos;
			sourceTree = "<group>";
		};
		FBCEB42C2D91B18F00D8A7DA /* controladores */ = {
			isa = PBXGroup;
			children = (
				FBCEB4342D91BC4900D8A7DA /* controdalor_publicaciones.swift */,
			);
			path = controladores;
			sourceTree = "<group>";
		};
		FBCEB42D2D91B19C00D8A7DA /* servicios_API */ = {
			isa = PBXGroup;
			children = (
				FBCEB4302D91B4A300D8A7DA /* placeholder_api.swift */,
				FBCEB4322D91B4B100D8A7DA /* errores.swift */,
			);
			path = servicios_API;
			sourceTree = "<group>";
		};
		FBCEB4362D91BDEC00D8A7DA /* ui */ = {
			isa = PBXGroup;
			children = (
				FBCEB4372D91BDFA00D8A7DA /* publicaciones */,
			);
			path = ui;
			sourceTree = "<group>";
		};
		FBCEB4372D91BDFA00D8A7DA /* publicaciones */ = {
			isa = PBXGroup;
			children = (
				FBCEB4382D91BE2100D8A7DA /* publicaciones_general.swift */,
			);
			path = publicaciones;
			sourceTree = "<group>";
		};
/* End PBXGroup section */

/* Begin PBXNativeTarget section */
		FBCEB4192D91B07400D8A7DA /* RedesSociales */ = {
			isa = PBXNativeTarget;
			buildConfigurationList = FBCEB4282D91B07500D8A7DA /* Build configuration list for PBXNativeTarget "RedesSociales" */;
			buildPhases = (
				FBCEB4162D91B07400D8A7DA /* Sources */,
				FBCEB4172D91B07400D8A7DA /* Frameworks */,
				FBCEB4182D91B07400D8A7DA /* Resources */,
			);
			buildRules = (
			);
			dependencies = (
			);
			name = RedesSociales;
			productName = RedesSociales;
			productReference = FBCEB41A2D91B07400D8A7DA /* RedesSociales.app */;
			productType = "com.apple.product-type.application";
		};
/* End PBXNativeTarget section */

/* Begin PBXProject section */
		FBCEB4122D91B07400D8A7DA /* Project object */ = {
			isa = PBXProject;
			attributes = {
				BuildIndependentTargetsInParallel = 1;
				LastSwiftUpdateCheck = 1540;
				LastUpgradeCheck = 1540;
				TargetAttributes = {
					FBCEB4192D91B07400D8A7DA = {
						CreatedOnToolsVersion = 15.4;
					};
				};
			};
			buildConfigurationList = FBCEB4152D91B07400D8A7DA /* Build configuration list for PBXProject "RedesSociales" */;
			compatibilityVersion = "Xcode 14.0";
			developmentRegion = en;
			hasScannedForEncodings = 0;
			knownRegions = (
				en,
				Base,
			);
			mainGroup = FBCEB4112D91B07400D8A7DA;
			productRefGroup = FBCEB41B2D91B07400D8A7DA /* Products */;
			projectDirPath = "";
			projectRoot = "";
			targets = (
				FBCEB4192D91B07400D8A7DA /* RedesSociales */,
			);
		};
/* End PBXProject section */

/* Begin PBXResourcesBuildPhase section */
		FBCEB4182D91B07400D8A7DA /* Resources */ = {
			isa = PBXResourcesBuildPhase;
			buildActionMask = 2147483647;
			files = (
				FBCEB4252D91B07500D8A7DA /* Preview Assets.xcassets in Resources */,
				FBCEB4222D91B07500D8A7DA /* Assets.xcassets in Resources */,
			);
			runOnlyForDeploymentPostprocessing = 0;
		};
/* End PBXResourcesBuildPhase section */

/* Begin PBXSourcesBuildPhase section */
		FBCEB4162D91B07400D8A7DA /* Sources */ = {
			isa = PBXSourcesBuildPhase;
			buildActionMask = 2147483647;
			files = (
				FBCEB4392D91BE2100D8A7DA /* publicaciones_general.swift in Sources */,
				FBCEB4312D91B4A300D8A7DA /* placeholder_api.swift in Sources */,
				FBCEB42F2D91B27400D8A7DA /* Publicacion.swift in Sources */,
				FBCEB4202D91B07400D8A7DA /* ContentView.swift in Sources */,
				FBCEB4352D91BC4900D8A7DA /* controdalor_publicaciones.swift in Sources */,
				FBCEB41E2D91B07400D8A7DA /* RedesSocialesApp.swift in Sources */,
				FBCEB4332D91B4B100D8A7DA /* errores.swift in Sources */,
			);
			runOnlyForDeploymentPostprocessing = 0;
		};
/* End PBXSourcesBuildPhase section */

/* Begin XCBuildConfiguration section */
		FBCEB4262D91B07500D8A7DA /* Debug */ = {
			isa = XCBuildConfiguration;
			buildSettings = {
				ALWAYS_SEARCH_USER_PATHS = NO;
				ASSETCATALOG_COMPILER_GENERATE_SWIFT_ASSET_SYMBOL_EXTENSIONS = YES;
				CLANG_ANALYZER_NONNULL = YES;
				CLANG_ANALYZER_NUMBER_OBJECT_CONVERSION = YES_AGGRESSIVE;
				CLANG_CXX_LANGUAGE_STANDARD = "gnu++20";
				CLANG_ENABLE_MODULES = YES;
				CLANG_ENABLE_OBJC_ARC = YES;
				CLANG_ENABLE_OBJC_WEAK = YES;
				CLANG_WARN_BLOCK_CAPTURE_AUTORELEASING = YES;
				CLANG_WARN_BOOL_CONVERSION = YES;
				CLANG_WARN_COMMA = YES;
				CLANG_WARN_CONSTANT_CONVERSION = YES;
				CLANG_WARN_DEPRECATED_OBJC_IMPLEMENTATIONS = YES;
				CLANG_WARN_DIRECT_OBJC_ISA_USAGE = YES_ERROR;
				CLANG_WARN_DOCUMENTATION_COMMENTS = YES;
				CLANG_WARN_EMPTY_BODY = YES;
				CLANG_WARN_ENUM_CONVERSION = YES;
				CLANG_WARN_INFINITE_RECURSION = YES;
				CLANG_WARN_INT_CONVERSION = YES;
				CLANG_WARN_NON_LITERAL_NULL_CONVERSION = YES;
				CLANG_WARN_OBJC_IMPLICIT_RETAIN_SELF = YES;
				CLANG_WARN_OBJC_LITERAL_CONVERSION = YES;
				CLANG_WARN_OBJC_ROOT_CLASS = YES_ERROR;
				CLANG_WARN_QUOTED_INCLUDE_IN_FRAMEWORK_HEADER = YES;
				CLANG_WARN_RANGE_LOOP_ANALYSIS = YES;
				CLANG_WARN_STRICT_PROTOTYPES = YES;
				CLANG_WARN_SUSPICIOUS_MOVE = YES;
				CLANG_WARN_UNGUARDED_AVAILABILITY = YES_AGGRESSIVE;
				CLANG_WARN_UNREACHABLE_CODE = YES;
				CLANG_WARN__DUPLICATE_METHOD_MATCH = YES;
				COPY_PHASE_STRIP = NO;
				DEBUG_INFORMATION_FORMAT = dwarf;
				ENABLE_STRICT_OBJC_MSGSEND = YES;
				ENABLE_TESTABILITY = YES;
				ENABLE_USER_SCRIPT_SANDBOXING = YES;
				GCC_C_LANGUAGE_STANDARD = gnu17;
				GCC_DYNAMIC_NO_PIC = NO;
				GCC_NO_COMMON_BLOCKS = YES;
				GCC_OPTIMIZATION_LEVEL = 0;
				GCC_PREPROCESSOR_DEFINITIONS = (
					"DEBUG=1",
					"$(inherited)",
				);
				GCC_WARN_64_TO_32_BIT_CONVERSION = YES;
				GCC_WARN_ABOUT_RETURN_TYPE = YES_ERROR;
				GCC_WARN_UNDECLARED_SELECTOR = YES;
				GCC_WARN_UNINITIALIZED_AUTOS = YES_AGGRESSIVE;
				GCC_WARN_UNUSED_FUNCTION = YES;
				GCC_WARN_UNUSED_VARIABLE = YES;
				IPHONEOS_DEPLOYMENT_TARGET = 17.5;
				LOCALIZATION_PREFERS_STRING_CATALOGS = YES;
				MTL_ENABLE_DEBUG_INFO = INCLUDE_SOURCE;
				MTL_FAST_MATH = YES;
				ONLY_ACTIVE_ARCH = YES;
				SDKROOT = iphoneos;
				SWIFT_ACTIVE_COMPILATION_CONDITIONS = "DEBUG $(inherited)";
				SWIFT_OPTIMIZATION_LEVEL = "-Onone";
			};
			name = Debug;
		};
		FBCEB4272D91B07500D8A7DA /* Release */ = {
			isa = XCBuildConfiguration;
			buildSettings = {
				ALWAYS_SEARCH_USER_PATHS = NO;
				ASSETCATALOG_COMPILER_GENERATE_SWIFT_ASSET_SYMBOL_EXTENSIONS = YES;
				CLANG_ANALYZER_NONNULL = YES;
				CLANG_ANALYZER_NUMBER_OBJECT_CONVERSION = YES_AGGRESSIVE;
				CLANG_CXX_LANGUAGE_STANDARD = "gnu++20";
				CLANG_ENABLE_MODULES = YES;
				CLANG_ENABLE_OBJC_ARC = YES;
				CLANG_ENABLE_OBJC_WEAK = YES;
				CLANG_WARN_BLOCK_CAPTURE_AUTORELEASING = YES;
				CLANG_WARN_BOOL_CONVERSION = YES;
				CLANG_WARN_COMMA = YES;
				CLANG_WARN_CONSTANT_CONVERSION = YES;
				CLANG_WARN_DEPRECATED_OBJC_IMPLEMENTATIONS = YES;
				CLANG_WARN_DIRECT_OBJC_ISA_USAGE = YES_ERROR;
				CLANG_WARN_DOCUMENTATION_COMMENTS = YES;
				CLANG_WARN_EMPTY_BODY = YES;
				CLANG_WARN_ENUM_CONVERSION = YES;
				CLANG_WARN_INFINITE_RECURSION = YES;
				CLANG_WARN_INT_CONVERSION = YES;
				CLANG_WARN_NON_LITERAL_NULL_CONVERSION = YES;
				CLANG_WARN_OBJC_IMPLICIT_RETAIN_SELF = YES;
				CLANG_WARN_OBJC_LITERAL_CONVERSION = YES;
				CLANG_WARN_OBJC_ROOT_CLASS = YES_ERROR;
				CLANG_WARN_QUOTED_INCLUDE_IN_FRAMEWORK_HEADER = YES;
				CLANG_WARN_RANGE_LOOP_ANALYSIS = YES;
				CLANG_WARN_STRICT_PROTOTYPES = YES;
				CLANG_WARN_SUSPICIOUS_MOVE = YES;
				CLANG_WARN_UNGUARDED_AVAILABILITY = YES_AGGRESSIVE;
				CLANG_WARN_UNREACHABLE_CODE = YES;
				CLANG_WARN__DUPLICATE_METHOD_MATCH = YES;
				COPY_PHASE_STRIP = NO;
				DEBUG_INFORMATION_FORMAT = "dwarf-with-dsym";
				ENABLE_NS_ASSERTIONS = NO;
				ENABLE_STRICT_OBJC_MSGSEND = YES;
				ENABLE_USER_SCRIPT_SANDBOXING = YES;
				GCC_C_LANGUAGE_STANDARD = gnu17;
				GCC_NO_COMMON_BLOCKS = YES;
				GCC_WARN_64_TO_32_BIT_CONVERSION = YES;
				GCC_WARN_ABOUT_RETURN_TYPE = YES_ERROR;
				GCC_WARN_UNDECLARED_SELECTOR = YES;
				GCC_WARN_UNINITIALIZED_AUTOS = YES_AGGRESSIVE;
				GCC_WARN_UNUSED_FUNCTION = YES;
				GCC_WARN_UNUSED_VARIABLE = YES;
				IPHONEOS_DEPLOYMENT_TARGET = 17.5;
				LOCALIZATION_PREFERS_STRING_CATALOGS = YES;
				MTL_ENABLE_DEBUG_INFO = NO;
				MTL_FAST_MATH = YES;
				SDKROOT = iphoneos;
				SWIFT_COMPILATION_MODE = wholemodule;
				VALIDATE_PRODUCT = YES;
			};
			name = Release;
		};
		FBCEB4292D91B07500D8A7DA /* Debug */ = {
			isa = XCBuildConfiguration;
			buildSettings = {
				ASSETCATALOG_COMPILER_APPICON_NAME = AppIcon;
				ASSETCATALOG_COMPILER_GLOBAL_ACCENT_COLOR_NAME = AccentColor;
				CODE_SIGN_STYLE = Automatic;
				CURRENT_PROJECT_VERSION = 1;
				DEVELOPMENT_ASSET_PATHS = "\"RedesSociales/Preview Content\"";
				ENABLE_PREVIEWS = YES;
				GENERATE_INFOPLIST_FILE = YES;
				INFOPLIST_KEY_UIApplicationSceneManifest_Generation = YES;
				INFOPLIST_KEY_UIApplicationSupportsIndirectInputEvents = YES;
				INFOPLIST_KEY_UILaunchScreen_Generation = YES;
				INFOPLIST_KEY_UISupportedInterfaceOrientations_iPad = "UIInterfaceOrientationPortrait UIInterfaceOrientationPortraitUpsideDown UIInterfaceOrientationLandscapeLeft UIInterfaceOrientationLandscapeRight";
				INFOPLIST_KEY_UISupportedInterfaceOrientations_iPhone = "UIInterfaceOrientationPortrait UIInterfaceOrientationLandscapeLeft UIInterfaceOrientationLandscapeRight";
				LD_RUNPATH_SEARCH_PATHS = (
					"$(inherited)",
					"@executable_path/Frameworks",
				);
				MARKETING_VERSION = 1.0;
				PRODUCT_BUNDLE_IDENTIFIER = mx.alumnos.uacj.RedesSociales;
				PRODUCT_NAME = "$(TARGET_NAME)";
				SWIFT_EMIT_LOC_STRINGS = YES;
				SWIFT_VERSION = 5.0;
				TARGETED_DEVICE_FAMILY = "1,2";
			};
			name = Debug;
		};
		FBCEB42A2D91B07500D8A7DA /* Release */ = {
			isa = XCBuildConfiguration;
			buildSettings = {
				ASSETCATALOG_COMPILER_APPICON_NAME = AppIcon;
				ASSETCATALOG_COMPILER_GLOBAL_ACCENT_COLOR_NAME = AccentColor;
				CODE_SIGN_STYLE = Automatic;
				CURRENT_PROJECT_VERSION = 1;
				DEVELOPMENT_ASSET_PATHS = "\"RedesSociales/Preview Content\"";
				ENABLE_PREVIEWS = YES;
				GENERATE_INFOPLIST_FILE = YES;
				INFOPLIST_KEY_UIApplicationSceneManifest_Generation = YES;
				INFOPLIST_KEY_UIApplicationSupportsIndirectInputEvents = YES;
				INFOPLIST_KEY_UILaunchScreen_Generation = YES;
				INFOPLIST_KEY_UISupportedInterfaceOrientations_iPad = "UIInterfaceOrientationPortrait UIInterfaceOrientationPortraitUpsideDown UIInterfaceOrientationLandscapeLeft UIInterfaceOrientationLandscapeRight";
				INFOPLIST_KEY_UISupportedInterfaceOrientations_iPhone = "UIInterfaceOrientationPortrait UIInterfaceOrientationLandscapeLeft UIInterfaceOrientationLandscapeRight";
				LD_RUNPATH_SEARCH_PATHS = (
					"$(inherited)",
					"@executable_path/Frameworks",
				);
				MARKETING_VERSION = 1.0;
				PRODUCT_BUNDLE_IDENTIFIER = mx.alumnos.uacj.RedesSociales;
				PRODUCT_NAME = "$(TARGET_NAME)";
				SWIFT_EMIT_LOC_STRINGS = YES;
				SWIFT_VERSION = 5.0;
				TARGETED_DEVICE_FAMILY = "1,2";
			};
			name = Release;
		};
/* End XCBuildConfiguration section */

/* Begin XCConfigurationList section */
		FBCEB4152D91B07400D8A7DA /* Build configuration list for PBXProject "RedesSociales" */ = {
			isa = XCConfigurationList;
			buildConfigurations = (
				FBCEB4262D91B07500D8A7DA /* Debug */,
				FBCEB4272D91B07500D8A7DA /* Release */,
			);
			defaultConfigurationIsVisible = 0;
			defaultConfigurationName = Release;
		};
		FBCEB4282D91B07500D8A7DA /* Build configuration list for PBXNativeTarget "RedesSociales" */ = {
			isa = XCConfigurationList;
			buildConfigurations = (
				FBCEB4292D91B07500D8A7DA /* Debug */,
				FBCEB42A2D91B07500D8A7DA /* Release */,
			);
			defaultConfigurationIsVisible = 0;
			defaultConfigurationName = Release;
		};
/* End XCConfigurationList section */
	};
	rootObject = FBCEB4122D91B07400D8A7DA /* Project object */;
}
